
Microsoft Visual Studio Solution File, Format Version 12.00
# Visual Studio Version 17
VisualStudioVersion = 17.5.33502.453
MinimumVisualStudioVersion = 10.0.40219.1
Project("{FAE04EC0-301F-11D3-BF4B-00C04F79EFBC}") = "la-mia-pizzeria-static", "la-mia-pizzeria-static\la-mia-pizzeria-static.csproj", "{17AB9C77-AAE8-438D-B3A9-9533875277DF}"
EndProject
Global
	GlobalSection(SolutionConfigurationPlatforms) = preSolution
		Debug|Any CPU = Debug|Any CPU
		Release|Any CPU = Release|Any CPU
	EndGlobalSection
	GlobalSection(ProjectConfigurationPlatforms) = postSolution
		{17AB9C77-AAE8-438D-B3A9-9533875277DF}.Debug|Any CPU.ActiveCfg = Debug|Any CPU
		{17AB9C77-AAE8-438D-B3A9-9533875277DF}.Debug|Any CPU.Build.0 = Debug|Any CPU
		{17AB9C77-AAE8-438D-B3A9-9533875277DF}.Release|Any CPU.ActiveCfg = Release|Any CPU
		{17AB9C77-AAE8-438D-B3A9-9533875277DF}.Release|Any CPU.Build.0 = Release|Any CPU
	EndGlobalSection
	GlobalSection(SolutionProperties) = preSolution
		HideSolutionNode = FALSE
	EndGlobalSection
	GlobalSection(ExtensibilityGlobals) = postSolution
		SolutionGuid = {1A767078-DA61-46AD-A9B4-E9F726A6C74C}
	EndGlobalSection
EndGlobal
